
Microsoft Visual Studio Solution File, Format Version 12.00
# Visual Studio Version 17
VisualStudioVersion = 17.10.35013.160
MinimumVisualStudioVersion = 10.0.40219.1
Project("{FAE04EC0-301F-11D3-BF4B-00C04F79EFBC}") = "InfinityMarket-Api", "InfinityMarket-Api\InfinityMarket-Api.csproj", "{43332008-38A8-4AD2-9F62-86BADD922CDD}"
EndProject
Global
	GlobalSection(SolutionConfigurationPlatforms) = preSolution
		Debug|Any CPU = Debug|Any CPU
		Release|Any CPU = Release|Any CPU
	EndGlobalSection
	GlobalSection(ProjectConfigurationPlatforms) = postSolution
		{43332008-38A8-4AD2-9F62-86BADD922CDD}.Debug|Any CPU.ActiveCfg = Debug|Any CPU
		{43332008-38A8-4AD2-9F62-86BADD922CDD}.Debug|Any CPU.Build.0 = Debug|Any CPU
		{43332008-38A8-4AD2-9F62-86BADD922CDD}.Release|Any CPU.ActiveCfg = Release|Any CPU
		{43332008-38A8-4AD2-9F62-86BADD922CDD}.Release|Any CPU.Build.0 = Release|Any CPU
	EndGlobalSection
	GlobalSection(SolutionProperties) = preSolution
		HideSolutionNode = FALSE
	EndGlobalSection
	GlobalSection(ExtensibilityGlobals) = postSolution
		SolutionGuid = {6724AAAF-0E14-48D0-8334-C4E15383D92D}
	EndGlobalSection
EndGlobal
